
Microsoft Visual Studio Solution File, Format Version 12.00
# Visual Studio Express 14 for Windows Desktop
VisualStudioVersion = 14.0.25420.1
MinimumVisualStudioVersion = 10.0.40219.1
Project("{FAE04EC0-301F-11D3-BF4B-00C04F79EFBC}") = "GridForm", "GridForm.csproj", "{C589A106-6D91-4171-B016-A9D339E6CD75}"
EndProject
Global
	GlobalSection(SolutionConfigurationPlatforms) = preSolution
		Debug|Any CPU = Debug|Any CPU
		Release|Any CPU = Release|Any CPU
	EndGlobalSection
	GlobalSection(ProjectConfigurationPlatforms) = postSolution
		{C589A106-6D91-4171-B016-A9D339E6CD75}.Debug|Any CPU.ActiveCfg = Debug|Any CPU
		{C589A106-6D91-4171-B016-A9D339E6CD75}.Debug|Any CPU.Build.0 = Debug|Any CPU
		{C589A106-6D91-4171-B016-A9D339E6CD75}.Release|Any CPU.ActiveCfg = Release|Any CPU
		{C589A106-6D91-4171-B016-A9D339E6CD75}.Release|Any CPU.Build.0 = Release|Any CPU
	EndGlobalSection
	GlobalSection(SolutionProperties) = preSolution
		HideSolutionNode = FALSE
	EndGlobalSection
EndGlobal
